PODS:
  - SideMenu (5.0.1)
  - SwiftLint (0.40.2)

DEPENDENCIES:
  - SideMenu
  - SwiftLint

SPEC REPOS:
  trunk:
    - SideMenu
    - SwiftLint

SPEC CHECKSUMS:
  SideMenu: 87efd943737bb83aedf0358884d09fcf5576636d
  SwiftLint: 1216c910d27c2633ade33b4f071bb6b930982e62

PODFILE CHECKSUM: 627130f2c9f7ca0ee9d6fc24986ff186621fe2f2

COCOAPODS: 1.9.3
