// !$*UTF8*$!
{
	archiveVersion = 1;
	classes = {
	};
	objectVersion = 51;
	objects = {

/* Begin PBXBuildFile section */
		031426652BF381A70488EC1C /* Pods_BitronTests.framework in Frameworks */ = {isa = PBXBuildFile; fileRef = F820F1D1317BF0CD425C84DD /* Pods_BitronTests.framework */; };
		2D49477B7C739EA84A510234 /* Pods_Bitron.framework in Frameworks */ = {isa = PBXBuildFile; fileRef = 8EBBC8263A049EB6053860B4 /* Pods_Bitron.framework */; };
		46E4A4BF26E74F4A164F6252 /* Pods_Bitron_BitronUITests.framework in Frameworks */ = {isa = PBXBuildFile; fileRef = 8ABDBDEA6C31453BC5A51BE4 /* Pods_Bitron_BitronUITests.framework */; };
		9C06382325540E420022BFD0 /* MenuTabBarController.swift in Sources */ = {isa = PBXBuildFile; fileRef = 9C06382225540E420022BFD0 /* MenuTabBarController.swift */; };
		9C06384B25541F740022BFD0 /* ChosenCryptocurrencyCoordinator.swift in Sources */ = {isa = PBXBuildFile; fileRef = 9C06384A25541F740022BFD0 /* ChosenCryptocurrencyCoordinator.swift */; };
		9C063853255423FC0022BFD0 /* SelectCryptocurrencyCoordinator.swift in Sources */ = {isa = PBXBuildFile; fileRef = 9C063852255423FC0022BFD0 /* SelectCryptocurrencyCoordinator.swift */; };
		9C264657256D4654004379A5 /* BitronUITests.swift in Sources */ = {isa = PBXBuildFile; fileRef = 9C264656256D4654004379A5 /* BitronUITests.swift */; };
		9C678C6F2539D3D900611202 /* DetailCryptocurrencyViewModel.swift in Sources */ = {isa = PBXBuildFile; fileRef = 9C678C6E2539D3D900611202 /* DetailCryptocurrencyViewModel.swift */; };
		9C678C742539D54F00611202 /* DetailCryptocurrencyModel.swift in Sources */ = {isa = PBXBuildFile; fileRef = 9C678C732539D54F00611202 /* DetailCryptocurrencyModel.swift */; };
		9C67CD8C25134F1100ECC938 /* SelectCryptocurrencyViewModel.swift in Sources */ = {isa = PBXBuildFile; fileRef = 9C67CD8B25134F1100ECC938 /* SelectCryptocurrencyViewModel.swift */; };
		9C6836F52507B90E0041A814 /* LoginView.swift in Sources */ = {isa = PBXBuildFile; fileRef = 9C6836F42507B90E0041A814 /* LoginView.swift */; };
		9C81AF192514AB5800BE1ECA /* ChosenCryptocurrencyViewModel.swift in Sources */ = {isa = PBXBuildFile; fileRef = 9C81AF182514AB5800BE1ECA /* ChosenCryptocurrencyViewModel.swift */; };
		9C81AF1B2514AD4200BE1ECA /* Constants.swift in Sources */ = {isa = PBXBuildFile; fileRef = 9C81AF1A2514AD4200BE1ECA /* Constants.swift */; };
		9C8525CA258B59BA00D4AC1C /* ButtonPanelView.swift in Sources */ = {isa = PBXBuildFile; fileRef = 9C8525C9258B59BA00D4AC1C /* ButtonPanelView.swift */; };
		9C95F556255591B800F68D31 /* SettingsViewController.swift in Sources */ = {isa = PBXBuildFile; fileRef = 9C95F555255591B800F68D31 /* SettingsViewController.swift */; };
		9C95F55B255591EF00F68D31 /* SettingsCoordinator.swift in Sources */ = {isa = PBXBuildFile; fileRef = 9C95F55A255591EF00F68D31 /* SettingsCoordinator.swift */; };
		9CA6DF4324E5456900CD5757 /* Assets.xcassets in Resources */ = {isa = PBXBuildFile; fileRef = 9CA6DF4224E5456900CD5757 /* Assets.xcassets */; };
		9CB6C77F25593A540010FDF6 /* DetailCryptocurrencyCoordinator.swift in Sources */ = {isa = PBXBuildFile; fileRef = 9CB6C77E25593A540010FDF6 /* DetailCryptocurrencyCoordinator.swift */; };
		9CBBD72324E6B089006141CD /* LoginViewController.swift in Sources */ = {isa = PBXBuildFile; fileRef = 9CBBD72224E6B089006141CD /* LoginViewController.swift */; };
		9CD59B6F24DAA0BF00566236 /* Networking.swift in Sources */ = {isa = PBXBuildFile; fileRef = 9CD59B6E24DAA0BF00566236 /* Networking.swift */; };
		9CD59B7124DAA0D700566236 /* Persistence.swift in Sources */ = {isa = PBXBuildFile; fileRef = 9CD59B7024DAA0D700566236 /* Persistence.swift */; };
		9CD59B7324DAA1DF00566236 /* ChosenCryptocurrencyCell.swift in Sources */ = {isa = PBXBuildFile; fileRef = 9CD59B7224DAA1DF00566236 /* ChosenCryptocurrencyCell.swift */; };
		9CD59B7524DAA1F900566236 /* ChosenCryptocurrencyView.swift in Sources */ = {isa = PBXBuildFile; fileRef = 9CD59B7424DAA1F900566236 /* ChosenCryptocurrencyView.swift */; };
		9CD59B7724DAA20B00566236 /* SelectCryptocurrencyCell.swift in Sources */ = {isa = PBXBuildFile; fileRef = 9CD59B7624DAA20B00566236 /* SelectCryptocurrencyCell.swift */; };
		9CD59B7924DAA21F00566236 /* SelectCryptocurrencyView.swift in Sources */ = {isa = PBXBuildFile; fileRef = 9CD59B7824DAA21F00566236 /* SelectCryptocurrencyView.swift */; };
		9CD59B7B24DAA23200566236 /* DetailCryptocurrencyView.swift in Sources */ = {isa = PBXBuildFile; fileRef = 9CD59B7A24DAA23200566236 /* DetailCryptocurrencyView.swift */; };
		9CD59B7F24DAA48300566236 /* Coordinator.swift in Sources */ = {isa = PBXBuildFile; fileRef = 9CD59B7E24DAA48300566236 /* Coordinator.swift */; };
		9CD59B8324DAA5E800566236 /* SelectCryptocurrencyModel.swift in Sources */ = {isa = PBXBuildFile; fileRef = 9CD59B8224DAA5E800566236 /* SelectCryptocurrencyModel.swift */; };
		9CD59B8724DAA8D200566236 /* DetailCryptocurrencyViewController.swift in Sources */ = {isa = PBXBuildFile; fileRef = 9CD59B8624DAA8D200566236 /* DetailCryptocurrencyViewController.swift */; };
		9CE04C7124E2A2FE0072214F /* Colors.swift in Sources */ = {isa = PBXBuildFile; fileRef = 9CE04C7024E2A2FE0072214F /* Colors.swift */; };
		ED4DF6C325174DD300178535 /* README.md in Resources */ = {isa = PBXBuildFile; fileRef = ED4DF6C225174DD300178535 /* README.md */; };
		ED95A558256D85550009F11C /* BitronTests.swift in Sources */ = {isa = PBXBuildFile; fileRef = ED95A557256D85550009F11C /* BitronTests.swift */; };
		ED95A57A256D9D9F0009F11C /* ChosenCryptocurrencyModel.swift in Sources */ = {isa = PBXBuildFile; fileRef = ED95A579256D9D9F0009F11C /* ChosenCryptocurrencyModel.swift */; };
		EDA6701824D9F7870091BD4E /* AppDelegate.swift in Sources */ = {isa = PBXBuildFile; fileRef = EDA6701724D9F7870091BD4E /* AppDelegate.swift */; };
		EDA6701C24D9F7870091BD4E /* ChosenCryptocurrencyViewController.swift in Sources */ = {isa = PBXBuildFile; fileRef = EDA6701B24D9F7870091BD4E /* ChosenCryptocurrencyViewController.swift */; };
		EDA6702224D9F7870091BD4E /* CryptocurrencyModel.xcdatamodeld in Sources */ = {isa = PBXBuildFile; fileRef = EDA6702024D9F7870091BD4E /* CryptocurrencyModel.xcdatamodeld */; };
		EDA6702724D9F78A0091BD4E /* LaunchScreen.storyboard in Resources */ = {isa = PBXBuildFile; fileRef = EDA6702524D9F78A0091BD4E /* LaunchScreen.storyboard */; };
		EDA6705224D9F8690091BD4E /* SelectCryptocurrencyViewController.swift in Sources */ = {isa = PBXBuildFile; fileRef = EDA6705124D9F8690091BD4E /* SelectCryptocurrencyViewController.swift */; };
/* End PBXBuildFile section */

/* Begin PBXContainerItemProxy section */
		9C264659256D4654004379A5 /* PBXContainerItemProxy */ = {
			isa = PBXContainerItemProxy;
			containerPortal = EDA6700C24D9F7870091BD4E /* Project object */;
			proxyType = 1;
			remoteGlobalIDString = EDA6701324D9F7870091BD4E;
			remoteInfo = Bitron;
		};
		ED95A55A256D85550009F11C /* PBXContainerItemProxy */ = {
			isa = PBXContainerItemProxy;
			containerPortal = EDA6700C24D9F7870091BD4E /* Project object */;
			proxyType = 1;
			remoteGlobalIDString = EDA6701324D9F7870091BD4E;
			remoteInfo = Bitron;
		};
/* End PBXContainerItemProxy section */

/* Begin PBXFileReference section */
		6BF556347057A90270617846 /* Pods-Bitron.debug.xcconfig */ = {isa = PBXFileReference; includeInIndex = 1; lastKnownFileType = text.xcconfig; name = "Pods-Bitron.debug.xcconfig"; path = "Target Support Files/Pods-Bitron/Pods-Bitron.debug.xcconfig"; sourceTree = "<group>"; };
		8ABDBDEA6C31453BC5A51BE4 /* Pods_Bitron_BitronUITests.framework */ = {isa = PBXFileReference; explicitFileType = wrapper.framework; includeInIndex = 0; path = Pods_Bitron_BitronUITests.framework; sourceTree = BUILT_PRODUCTS_DIR; };
		8EBBC8263A049EB6053860B4 /* Pods_Bitron.framework */ = {isa = PBXFileReference; explicitFileType = wrapper.framework; includeInIndex = 0; path = Pods_Bitron.framework; sourceTree = BUILT_PRODUCTS_DIR; };
		9033A16CFCC51E65DD83F87B /* Pods-Bitron.release.xcconfig */ = {isa = PBXFileReference; includeInIndex = 1; lastKnownFileType = text.xcconfig; name = "Pods-Bitron.release.xcconfig"; path = "Target Support Files/Pods-Bitron/Pods-Bitron.release.xcconfig"; sourceTree = "<group>"; };
		951C564944C2150C95C4452D /* Pods-Bitron-BitronUITests.release.xcconfig */ = {isa = PBXFileReference; includeInIndex = 1; lastKnownFileType = text.xcconfig; name = "Pods-Bitron-BitronUITests.release.xcconfig"; path = "Target Support Files/Pods-Bitron-BitronUITests/Pods-Bitron-BitronUITests.release.xcconfig"; sourceTree = "<group>"; };
		9C06382225540E420022BFD0 /* MenuTabBarController.swift */ = {isa = PBXFileReference; lastKnownFileType = sourcecode.swift; path = MenuTabBarController.swift; sourceTree = "<group>"; };
		9C06384A25541F740022BFD0 /* ChosenCryptocurrencyCoordinator.swift */ = {isa = PBXFileReference; lastKnownFileType = sourcecode.swift; path = ChosenCryptocurrencyCoordinator.swift; sourceTree = "<group>"; };
		9C063852255423FC0022BFD0 /* SelectCryptocurrencyCoordinator.swift */ = {isa = PBXFileReference; lastKnownFileType = sourcecode.swift; path = SelectCryptocurrencyCoordinator.swift; sourceTree = "<group>"; };
		9C264654256D4654004379A5 /* BitronUITests.xctest */ = {isa = PBXFileReference; explicitFileType = wrapper.cfbundle; includeInIndex = 0; path = BitronUITests.xctest; sourceTree = BUILT_PRODUCTS_DIR; };
		9C264656256D4654004379A5 /* BitronUITests.swift */ = {isa = PBXFileReference; lastKnownFileType = sourcecode.swift; path = BitronUITests.swift; sourceTree = "<group>"; };
		9C264658256D4654004379A5 /* Info.plist */ = {isa = PBXFileReference; lastKnownFileType = text.plist.xml; path = Info.plist; sourceTree = "<group>"; };
		9C678C6E2539D3D900611202 /* DetailCryptocurrencyViewModel.swift */ = {isa = PBXFileReference; lastKnownFileType = sourcecode.swift; path = DetailCryptocurrencyViewModel.swift; sourceTree = "<group>"; };
		9C678C732539D54F00611202 /* DetailCryptocurrencyModel.swift */ = {isa = PBXFileReference; lastKnownFileType = sourcecode.swift; path = DetailCryptocurrencyModel.swift; sourceTree = "<group>"; };
		9C67CD8B25134F1100ECC938 /* SelectCryptocurrencyViewModel.swift */ = {isa = PBXFileReference; lastKnownFileType = sourcecode.swift; path = SelectCryptocurrencyViewModel.swift; sourceTree = "<group>"; };
		9C6836F42507B90E0041A814 /* LoginView.swift */ = {isa = PBXFileReference; lastKnownFileType = sourcecode.swift; path = LoginView.swift; sourceTree = "<group>"; };
		9C81AF182514AB5800BE1ECA /* ChosenCryptocurrencyViewModel.swift */ = {isa = PBXFileReference; lastKnownFileType = sourcecode.swift; path = ChosenCryptocurrencyViewModel.swift; sourceTree = "<group>"; };
		9C81AF1A2514AD4200BE1ECA /* Constants.swift */ = {isa = PBXFileReference; lastKnownFileType = sourcecode.swift; path = Constants.swift; sourceTree = "<group>"; };
		9C8525C9258B59BA00D4AC1C /* ButtonPanelView.swift */ = {isa = PBXFileReference; lastKnownFileType = sourcecode.swift; path = ButtonPanelView.swift; sourceTree = "<group>"; };
		9C95F555255591B800F68D31 /* SettingsViewController.swift */ = {isa = PBXFileReference; lastKnownFileType = sourcecode.swift; path = SettingsViewController.swift; sourceTree = "<group>"; };
		9C95F55A255591EF00F68D31 /* SettingsCoordinator.swift */ = {isa = PBXFileReference; lastKnownFileType = sourcecode.swift; path = SettingsCoordinator.swift; sourceTree = "<group>"; };
		9CA6DF4224E5456900CD5757 /* Assets.xcassets */ = {isa = PBXFileReference; lastKnownFileType = folder.assetcatalog; path = Assets.xcassets; sourceTree = "<group>"; };
		9CB6C77E25593A540010FDF6 /* DetailCryptocurrencyCoordinator.swift */ = {isa = PBXFileReference; lastKnownFileType = sourcecode.swift; path = DetailCryptocurrencyCoordinator.swift; sourceTree = "<group>"; };
		9CBBD72224E6B089006141CD /* LoginViewController.swift */ = {isa = PBXFileReference; lastKnownFileType = sourcecode.swift; path = LoginViewController.swift; sourceTree = "<group>"; };
		9CD59B6E24DAA0BF00566236 /* Networking.swift */ = {isa = PBXFileReference; lastKnownFileType = sourcecode.swift; path = Networking.swift; sourceTree = "<group>"; };
		9CD59B7024DAA0D700566236 /* Persistence.swift */ = {isa = PBXFileReference; lastKnownFileType = sourcecode.swift; path = Persistence.swift; sourceTree = "<group>"; };
		9CD59B7224DAA1DF00566236 /* ChosenCryptocurrencyCell.swift */ = {isa = PBXFileReference; lastKnownFileType = sourcecode.swift; path = ChosenCryptocurrencyCell.swift; sourceTree = "<group>"; };
		9CD59B7424DAA1F900566236 /* ChosenCryptocurrencyView.swift */ = {isa = PBXFileReference; lastKnownFileType = sourcecode.swift; path = ChosenCryptocurrencyView.swift; sourceTree = "<group>"; };
		9CD59B7624DAA20B00566236 /* SelectCryptocurrencyCell.swift */ = {isa = PBXFileReference; lastKnownFileType = sourcecode.swift; path = SelectCryptocurrencyCell.swift; sourceTree = "<group>"; };
		9CD59B7824DAA21F00566236 /* SelectCryptocurrencyView.swift */ = {isa = PBXFileReference; lastKnownFileType = sourcecode.swift; path = SelectCryptocurrencyView.swift; sourceTree = "<group>"; };
		9CD59B7A24DAA23200566236 /* DetailCryptocurrencyView.swift */ = {isa = PBXFileReference; lastKnownFileType = sourcecode.swift; path = DetailCryptocurrencyView.swift; sourceTree = "<group>"; };
		9CD59B7E24DAA48300566236 /* Coordinator.swift */ = {isa = PBXFileReference; lastKnownFileType = sourcecode.swift; path = Coordinator.swift; sourceTree = "<group>"; };
		9CD59B8224DAA5E800566236 /* SelectCryptocurrencyModel.swift */ = {isa = PBXFileReference; lastKnownFileType = sourcecode.swift; path = SelectCryptocurrencyModel.swift; sourceTree = "<group>"; };
		9CD59B8624DAA8D200566236 /* DetailCryptocurrencyViewController.swift */ = {isa = PBXFileReference; lastKnownFileType = sourcecode.swift; path = DetailCryptocurrencyViewController.swift; sourceTree = "<group>"; };
		9CE04C7024E2A2FE0072214F /* Colors.swift */ = {isa = PBXFileReference; lastKnownFileType = sourcecode.swift; path = Colors.swift; sourceTree = "<group>"; };
		CC3E2EB0A9B3D93D9C27E396 /* Pods-BitronTests.debug.xcconfig */ = {isa = PBXFileReference; includeInIndex = 1; lastKnownFileType = text.xcconfig; name = "Pods-BitronTests.debug.xcconfig"; path = "Target Support Files/Pods-BitronTests/Pods-BitronTests.debug.xcconfig"; sourceTree = "<group>"; };
		E2254D008597A5EB310158E4 /* Pods-Bitron-BitronUITests.debug.xcconfig */ = {isa = PBXFileReference; includeInIndex = 1; lastKnownFileType = text.xcconfig; name = "Pods-Bitron-BitronUITests.debug.xcconfig"; path = "Target Support Files/Pods-Bitron-BitronUITests/Pods-Bitron-BitronUITests.debug.xcconfig"; sourceTree = "<group>"; };
		ED4DF6C225174DD300178535 /* README.md */ = {isa = PBXFileReference; fileEncoding = 4; lastKnownFileType = net.daringfireball.markdown; path = README.md; sourceTree = "<group>"; };
		ED95A555256D85550009F11C /* BitronTests.xctest */ = {isa = PBXFileReference; explicitFileType = wrapper.cfbundle; includeInIndex = 0; path = BitronTests.xctest; sourceTree = BUILT_PRODUCTS_DIR; };
		ED95A557256D85550009F11C /* BitronTests.swift */ = {isa = PBXFileReference; lastKnownFileType = sourcecode.swift; path = BitronTests.swift; sourceTree = "<group>"; };
		ED95A559256D85550009F11C /* Info.plist */ = {isa = PBXFileReference; lastKnownFileType = text.plist.xml; path = Info.plist; sourceTree = "<group>"; };
		ED95A579256D9D9F0009F11C /* ChosenCryptocurrencyModel.swift */ = {isa = PBXFileReference; lastKnownFileType = sourcecode.swift; path = ChosenCryptocurrencyModel.swift; sourceTree = "<group>"; };
		EDA6701424D9F7870091BD4E /* Bitron.app */ = {isa = PBXFileReference; explicitFileType = wrapper.application; includeInIndex = 0; path = Bitron.app; sourceTree = BUILT_PRODUCTS_DIR; };
		EDA6701724D9F7870091BD4E /* AppDelegate.swift */ = {isa = PBXFileReference; lastKnownFileType = sourcecode.swift; path = AppDelegate.swift; sourceTree = "<group>"; };
		EDA6701B24D9F7870091BD4E /* ChosenCryptocurrencyViewController.swift */ = {isa = PBXFileReference; lastKnownFileType = sourcecode.swift; path = ChosenCryptocurrencyViewController.swift; sourceTree = "<group>"; };
		EDA6702124D9F7870091BD4E /* Bitron.xcdatamodel */ = {isa = PBXFileReference; lastKnownFileType = wrapper.xcdatamodel; path = Bitron.xcdatamodel; sourceTree = "<group>"; };
		EDA6702624D9F78A0091BD4E /* Base */ = {isa = PBXFileReference; lastKnownFileType = file.storyboard; name = Base; path = Base.lproj/LaunchScreen.storyboard; sourceTree = "<group>"; };
		EDA6702824D9F78A0091BD4E /* Info.plist */ = {isa = PBXFileReference; lastKnownFileType = text.plist.xml; path = Info.plist; sourceTree = "<group>"; };
		EDA6705124D9F8690091BD4E /* SelectCryptocurrencyViewController.swift */ = {isa = PBXFileReference; lastKnownFileType = sourcecode.swift; path = SelectCryptocurrencyViewController.swift; sourceTree = "<group>"; };
		F820F1D1317BF0CD425C84DD /* Pods_BitronTests.framework */ = {isa = PBXFileReference; explicitFileType = wrapper.framework; includeInIndex = 0; path = Pods_BitronTests.framework; sourceTree = BUILT_PRODUCTS_DIR; };
		FF49F41F653B7FFB9BEE41B7 /* Pods-BitronTests.release.xcconfig */ = {isa = PBXFileReference; includeInIndex = 1; lastKnownFileType = text.xcconfig; name = "Pods-BitronTests.release.xcconfig"; path = "Target Support Files/Pods-BitronTests/Pods-BitronTests.release.xcconfig"; sourceTree = "<group>"; };
/* End PBXFileReference section */

/* Begin PBXFrameworksBuildPhase section */
		9C264651256D4654004379A5 /* Frameworks */ = {
			isa = PBXFrameworksBuildPhase;
			buildActionMask = 2147483647;
			files = (
				46E4A4BF26E74F4A164F6252 /* Pods_Bitron_BitronUITests.framework in Frameworks */,
			);
			runOnlyForDeploymentPostprocessing = 0;
		};
		ED95A552256D85550009F11C /* Frameworks */ = {
			isa = PBXFrameworksBuildPhase;
			buildActionMask = 2147483647;
			files = (
				031426652BF381A70488EC1C /* Pods_BitronTests.framework in Frameworks */,
			);
			runOnlyForDeploymentPostprocessing = 0;
		};
		EDA6701124D9F7870091BD4E /* Frameworks */ = {
			isa = PBXFrameworksBuildPhase;
			buildActionMask = 2147483647;
			files = (
				2D49477B7C739EA84A510234 /* Pods_Bitron.framework in Frameworks */,
			);
			runOnlyForDeploymentPostprocessing = 0;
		};
/* End PBXFrameworksBuildPhase section */

/* Begin PBXGroup section */
		3BB2B2BFB8084AE483F1D1C3 /* Frameworks */ = {
			isa = PBXGroup;
			children = (
				8EBBC8263A049EB6053860B4 /* Pods_Bitron.framework */,
				8ABDBDEA6C31453BC5A51BE4 /* Pods_Bitron_BitronUITests.framework */,
				F820F1D1317BF0CD425C84DD /* Pods_BitronTests.framework */,
			);
			name = Frameworks;
			sourceTree = "<group>";
		};
		7D8DA2C54CA94DBD4541A2AB /* Pods */ = {
			isa = PBXGroup;
			children = (
				6BF556347057A90270617846 /* Pods-Bitron.debug.xcconfig */,
				9033A16CFCC51E65DD83F87B /* Pods-Bitron.release.xcconfig */,
				E2254D008597A5EB310158E4 /* Pods-Bitron-BitronUITests.debug.xcconfig */,
				951C564944C2150C95C4452D /* Pods-Bitron-BitronUITests.release.xcconfig */,
				CC3E2EB0A9B3D93D9C27E396 /* Pods-BitronTests.debug.xcconfig */,
				FF49F41F653B7FFB9BEE41B7 /* Pods-BitronTests.release.xcconfig */,
			);
			path = Pods;
			sourceTree = "<group>";
		};
		9C264655256D4654004379A5 /* BitronUITests */ = {
			isa = PBXGroup;
			children = (
				9C264656256D4654004379A5 /* BitronUITests.swift */,
				9C264658256D4654004379A5 /* Info.plist */,
			);
			path = BitronUITests;
			sourceTree = "<group>";
		};
		9C2EAEBE25651845007B6B69 /* ChosenView */ = {
			isa = PBXGroup;
			children = (
				9C2EAEC1256518B3007B6B69 /* Model */,
				9C2EAEC3256518C8007B6B69 /* View */,
				9C2EAEC2256518BE007B6B69 /* ViewModel */,
				9C2EAED725651BC7007B6B69 /* Coordinator */,
			);
			path = ChosenView;
			sourceTree = "<group>";
		};
		9C2EAEBF25651869007B6B69 /* SelectView */ = {
			isa = PBXGroup;
			children = (
				9C2EAEC6256518E6007B6B69 /* Model */,
				9C2EAEC5256518E0007B6B69 /* View */,
				9C2EAEC4256518DB007B6B69 /* ViewModel */,
				9C2EAED825651BDD007B6B69 /* Coordinator */,
			);
			path = SelectView;
			sourceTree = "<group>";
		};
		9C2EAEC025651873007B6B69 /* SettingsView */ = {
			isa = PBXGroup;
			children = (
				9C2EAEC925651975007B6B69 /* Model */,
				9C2EAEC825651971007B6B69 /* View */,
				9C2EAEC725651966007B6B69 /* ViewModel */,
				9C2EAEDA25651C07007B6B69 /* Coordinator */,
			);
			path = SettingsView;
			sourceTree = "<group>";
		};
		9C2EAEC1256518B3007B6B69 /* Model */ = {
			isa = PBXGroup;
			children = (
				ED95A579256D9D9F0009F11C /* ChosenCryptocurrencyModel.swift */,
			);
			path = Model;
			sourceTree = "<group>";
		};
		9C2EAEC2256518BE007B6B69 /* ViewModel */ = {
			isa = PBXGroup;
			children = (
				9C81AF182514AB5800BE1ECA /* ChosenCryptocurrencyViewModel.swift */,
			);
			path = ViewModel;
			sourceTree = "<group>";
		};
		9C2EAEC3256518C8007B6B69 /* View */ = {
			isa = PBXGroup;
			children = (
				9CD59B7224DAA1DF00566236 /* ChosenCryptocurrencyCell.swift */,
				9CD59B7424DAA1F900566236 /* ChosenCryptocurrencyView.swift */,
				EDA6701B24D9F7870091BD4E /* ChosenCryptocurrencyViewController.swift */,
			);
			path = View;
			sourceTree = "<group>";
		};
		9C2EAEC4256518DB007B6B69 /* ViewModel */ = {
			isa = PBXGroup;
			children = (
				9C67CD8B25134F1100ECC938 /* SelectCryptocurrencyViewModel.swift */,
			);
			path = ViewModel;
			sourceTree = "<group>";
		};
		9C2EAEC5256518E0007B6B69 /* View */ = {
			isa = PBXGroup;
			children = (
				9CD59B7624DAA20B00566236 /* SelectCryptocurrencyCell.swift */,
				9CD59B7824DAA21F00566236 /* SelectCryptocurrencyView.swift */,
				EDA6705124D9F8690091BD4E /* SelectCryptocurrencyViewController.swift */,
			);
			path = View;
			sourceTree = "<group>";
		};
		9C2EAEC6256518E6007B6B69 /* Model */ = {
			isa = PBXGroup;
			children = (
				9CD59B8224DAA5E800566236 /* SelectCryptocurrencyModel.swift */,
			);
			path = Model;
			sourceTree = "<group>";
		};
		9C2EAEC725651966007B6B69 /* ViewModel */ = {
			isa = PBXGroup;
			children = (
			);
			path = ViewModel;
			sourceTree = "<group>";
		};
		9C2EAEC825651971007B6B69 /* View */ = {
			isa = PBXGroup;
			children = (
				9C95F555255591B800F68D31 /* SettingsViewController.swift */,
			);
			path = View;
			sourceTree = "<group>";
		};
		9C2EAEC925651975007B6B69 /* Model */ = {
			isa = PBXGroup;
			children = (
			);
			path = Model;
			sourceTree = "<group>";
		};
		9C2EAECA25651992007B6B69 /* DetailView */ = {
			isa = PBXGroup;
			children = (
				9C2EAECD256519B0007B6B69 /* Model */,
				9C2EAECC256519AA007B6B69 /* View */,
				9C2EAECB256519A5007B6B69 /* ViewModel */,
				9C2EAED925651BEB007B6B69 /* Coordinator */,
			);
			path = DetailView;
			sourceTree = "<group>";
		};
		9C2EAECB256519A5007B6B69 /* ViewModel */ = {
			isa = PBXGroup;
			children = (
				9C678C6E2539D3D900611202 /* DetailCryptocurrencyViewModel.swift */,
			);
			path = ViewModel;
			sourceTree = "<group>";
		};
		9C2EAECC256519AA007B6B69 /* View */ = {
			isa = PBXGroup;
			children = (
				9C8525C9258B59BA00D4AC1C /* ButtonPanelView.swift */,
				9CD59B7A24DAA23200566236 /* DetailCryptocurrencyView.swift */,
				9CD59B8624DAA8D200566236 /* DetailCryptocurrencyViewController.swift */,
			);
			path = View;
			sourceTree = "<group>";
		};
		9C2EAECD256519B0007B6B69 /* Model */ = {
			isa = PBXGroup;
			children = (
				9C678C732539D54F00611202 /* DetailCryptocurrencyModel.swift */,
			);
			path = Model;
			sourceTree = "<group>";
		};
		9C2EAECE25651A12007B6B69 /* MainView */ = {
			isa = PBXGroup;
			children = (
				9C06382225540E420022BFD0 /* MenuTabBarController.swift */,
				9CD59B7E24DAA48300566236 /* Coordinator.swift */,
			);
			path = MainView;
			sourceTree = "<group>";
		};
		9C2EAECF25651A20007B6B69 /* LoginView */ = {
			isa = PBXGroup;
			children = (
				9C2EAED225651A42007B6B69 /* Model */,
				9C2EAED125651A3E007B6B69 /* View */,
				9C2EAED025651A38007B6B69 /* ViewModel */,
			);
			path = LoginView;
			sourceTree = "<group>";
		};
		9C2EAED025651A38007B6B69 /* ViewModel */ = {
			isa = PBXGroup;
			children = (
			);
			path = ViewModel;
			sourceTree = "<group>";
		};
		9C2EAED125651A3E007B6B69 /* View */ = {
			isa = PBXGroup;
			children = (
				9C6836F42507B90E0041A814 /* LoginView.swift */,
				9CBBD72224E6B089006141CD /* LoginViewController.swift */,
			);
			path = View;
			sourceTree = "<group>";
		};
		9C2EAED225651A42007B6B69 /* Model */ = {
			isa = PBXGroup;
			children = (
			);
			path = Model;
			sourceTree = "<group>";
		};
		9C2EAED725651BC7007B6B69 /* Coordinator */ = {
			isa = PBXGroup;
			children = (
				9C06384A25541F740022BFD0 /* ChosenCryptocurrencyCoordinator.swift */,
			);
			path = Coordinator;
			sourceTree = "<group>";
		};
		9C2EAED825651BDD007B6B69 /* Coordinator */ = {
			isa = PBXGroup;
			children = (
				9C063852255423FC0022BFD0 /* SelectCryptocurrencyCoordinator.swift */,
			);
			path = Coordinator;
			sourceTree = "<group>";
		};
		9C2EAED925651BEB007B6B69 /* Coordinator */ = {
			isa = PBXGroup;
			children = (
				9CB6C77E25593A540010FDF6 /* DetailCryptocurrencyCoordinator.swift */,
			);
			path = Coordinator;
			sourceTree = "<group>";
		};
		9C2EAEDA25651C07007B6B69 /* Coordinator */ = {
			isa = PBXGroup;
			children = (
				9C95F55A255591EF00F68D31 /* SettingsCoordinator.swift */,
			);
			path = Coordinator;
			sourceTree = "<group>";
		};
		ED95A556256D85550009F11C /* BitronTests */ = {
			isa = PBXGroup;
			children = (
				ED95A557256D85550009F11C /* BitronTests.swift */,
				ED95A559256D85550009F11C /* Info.plist */,
			);
			path = BitronTests;
			sourceTree = "<group>";
		};
		EDA6700B24D9F7870091BD4E = {
			isa = PBXGroup;
			children = (
				ED4DF6C225174DD300178535 /* README.md */,
				EDA6701624D9F7870091BD4E /* Bitron */,
				9C264655256D4654004379A5 /* BitronUITests */,
				ED95A556256D85550009F11C /* BitronTests */,
				EDA6701524D9F7870091BD4E /* Products */,
				7D8DA2C54CA94DBD4541A2AB /* Pods */,
				3BB2B2BFB8084AE483F1D1C3 /* Frameworks */,
			);
			sourceTree = "<group>";
		};
		EDA6701524D9F7870091BD4E /* Products */ = {
			isa = PBXGroup;
			children = (
				EDA6701424D9F7870091BD4E /* Bitron.app */,
				9C264654256D4654004379A5 /* BitronUITests.xctest */,
				ED95A555256D85550009F11C /* BitronTests.xctest */,
			);
			name = Products;
			sourceTree = "<group>";
		};
		EDA6701624D9F7870091BD4E /* Bitron */ = {
			isa = PBXGroup;
			children = (
				9C2EAECE25651A12007B6B69 /* MainView */,
				9C2EAECF25651A20007B6B69 /* LoginView */,
				9C2EAEBE25651845007B6B69 /* ChosenView */,
				9C2EAECA25651992007B6B69 /* DetailView */,
				9C2EAEBF25651869007B6B69 /* SelectView */,
				9C2EAEC025651873007B6B69 /* SettingsView */,
				EDA6704B24D9F7D70091BD4E /* Services */,
				EDA6704A24D9F7C80091BD4E /* Supporting */,
				EDA6701724D9F7870091BD4E /* AppDelegate.swift */,
				9CA6DF4224E5456900CD5757 /* Assets.xcassets */,
				EDA6702024D9F7870091BD4E /* CryptocurrencyModel.xcdatamodeld */,
				EDA6702824D9F78A0091BD4E /* Info.plist */,
				EDA6702524D9F78A0091BD4E /* LaunchScreen.storyboard */,
			);
			path = Bitron;
			sourceTree = "<group>";
		};
		EDA6704A24D9F7C80091BD4E /* Supporting */ = {
			isa = PBXGroup;
			children = (
				9CE04C7024E2A2FE0072214F /* Colors.swift */,
				9C81AF1A2514AD4200BE1ECA /* Constants.swift */,
			);
			path = Supporting;
			sourceTree = "<group>";
		};
		EDA6704B24D9F7D70091BD4E /* Services */ = {
			isa = PBXGroup;
			children = (
				9CD59B6E24DAA0BF00566236 /* Networking.swift */,
				9CD59B7024DAA0D700566236 /* Persistence.swift */,
			);
			path = Services;
			sourceTree = "<group>";
		};
/* End PBXGroup section */

/* Begin PBXNativeTarget section */
		9C264653256D4654004379A5 /* BitronUITests */ = {
			isa = PBXNativeTarget;
			buildConfigurationList = 9C26465B256D4654004379A5 /* Build configuration list for PBXNativeTarget "BitronUITests" */;
			buildPhases = (
				FF18712E3303EAD429F9C0D6 /* [CP] Check Pods Manifest.lock */,
				9C264650256D4654004379A5 /* Sources */,
				9C264651256D4654004379A5 /* Frameworks */,
				9C264652256D4654004379A5 /* Resources */,
				702E54C1AD9B6465464E0476 /* [CP] Embed Pods Frameworks */,
			);
			buildRules = (
			);
			dependencies = (
				9C26465A256D4654004379A5 /* PBXTargetDependency */,
			);
			name = BitronUITests;
			productName = BitronUITests;
			productReference = 9C264654256D4654004379A5 /* BitronUITests.xctest */;
			productType = "com.apple.product-type.bundle.ui-testing";
		};
		ED95A554256D85550009F11C /* BitronTests */ = {
			isa = PBXNativeTarget;
			buildConfigurationList = ED95A55C256D85550009F11C /* Build configuration list for PBXNativeTarget "BitronTests" */;
			buildPhases = (
				C3058CA080DFA369621AC74D /* [CP] Check Pods Manifest.lock */,
				ED95A551256D85550009F11C /* Sources */,
				ED95A552256D85550009F11C /* Frameworks */,
				ED95A553256D85550009F11C /* Resources */,
			);
			buildRules = (
			);
			dependencies = (
				ED95A55B256D85550009F11C /* PBXTargetDependency */,
			);
			name = BitronTests;
			productName = BitronTests;
			productReference = ED95A555256D85550009F11C /* BitronTests.xctest */;
			productType = "com.apple.product-type.bundle.unit-test";
		};
		EDA6701324D9F7870091BD4E /* Bitron */ = {
			isa = PBXNativeTarget;
			buildConfigurationList = EDA6704124D9F78B0091BD4E /* Build configuration list for PBXNativeTarget "Bitron" */;
			buildPhases = (
				5119661E0ADC5E8A85177AD0 /* [CP] Check Pods Manifest.lock */,
				EDA6701024D9F7870091BD4E /* Sources */,
				EDA6701124D9F7870091BD4E /* Frameworks */,
				EDA6701224D9F7870091BD4E /* Resources */,
				75DEAC184E7C9EBE2F36D621 /* [CP] Embed Pods Frameworks */,
			);
			buildRules = (
			);
			dependencies = (
			);
			name = Bitron;
			productName = Bitron;
			productReference = EDA6701424D9F7870091BD4E /* Bitron.app */;
			productType = "com.apple.product-type.application";
		};
/* End PBXNativeTarget section */

/* Begin PBXProject section */
		EDA6700C24D9F7870091BD4E /* Project object */ = {
			isa = PBXProject;
			attributes = {
				LastSwiftUpdateCheck = 1220;
				LastUpgradeCheck = 1220;
				ORGANIZATIONNAME = "Maciej Wołejko";
				TargetAttributes = {
					9C264653256D4654004379A5 = {
						CreatedOnToolsVersion = 12.2;
						TestTargetID = EDA6701324D9F7870091BD4E;
					};
					ED95A554256D85550009F11C = {
						CreatedOnToolsVersion = 12.2;
						TestTargetID = EDA6701324D9F7870091BD4E;
					};
					EDA6701324D9F7870091BD4E = {
						CreatedOnToolsVersion = 11.6;
					};
				};
			};
			buildConfigurationList = EDA6700F24D9F7870091BD4E /* Build configuration list for PBXProject "Bitron" */;
			compatibilityVersion = "Xcode 9.3";
			developmentRegion = en;
			hasScannedForEncodings = 0;
			knownRegions = (
				en,
				Base,
			);
			mainGroup = EDA6700B24D9F7870091BD4E;
			productRefGroup = EDA6701524D9F7870091BD4E /* Products */;
			projectDirPath = "";
			projectRoot = "";
			targets = (
				EDA6701324D9F7870091BD4E /* Bitron */,
				9C264653256D4654004379A5 /* BitronUITests */,
				ED95A554256D85550009F11C /* BitronTests */,
			);
		};
/* End PBXProject section */

/* Begin PBXResourcesBuildPhase section */
		9C264652256D4654004379A5 /* Resources */ = {
			isa = PBXResourcesBuildPhase;
			buildActionMask = 2147483647;
			files = (
			);
			runOnlyForDeploymentPostprocessing = 0;
		};
		ED95A553256D85550009F11C /* Resources */ = {
			isa = PBXResourcesBuildPhase;
			buildActionMask = 2147483647;
			files = (
			);
			runOnlyForDeploymentPostprocessing = 0;
		};
		EDA6701224D9F7870091BD4E /* Resources */ = {
			isa = PBXResourcesBuildPhase;
			buildActionMask = 2147483647;
			files = (
				ED4DF6C325174DD300178535 /* README.md in Resources */,
				9CA6DF4324E5456900CD5757 /* Assets.xcassets in Resources */,
				EDA6702724D9F78A0091BD4E /* LaunchScreen.storyboard in Resources */,
			);
			runOnlyForDeploymentPostprocessing = 0;
		};
/* End PBXResourcesBuildPhase section */

/* Begin PBXShellScriptBuildPhase section */
		5119661E0ADC5E8A85177AD0 /* [CP] Check Pods Manifest.lock */ = {
			isa = PBXShellScriptBuildPhase;
			buildActionMask = 2147483647;
			files = (
			);
			inputFileListPaths = (
			);
			inputPaths = (
				"${PODS_PODFILE_DIR_PATH}/Podfile.lock",
				"${PODS_ROOT}/Manifest.lock",
			);
			name = "[CP] Check Pods Manifest.lock";
			outputFileListPaths = (
			);
			outputPaths = (
				"$(DERIVED_FILE_DIR)/Pods-Bitron-checkManifestLockResult.txt",
			);
			runOnlyForDeploymentPostprocessing = 0;
			shellPath = /bin/sh;
			shellScript = "diff \"${PODS_PODFILE_DIR_PATH}/Podfile.lock\" \"${PODS_ROOT}/Manifest.lock\" > /dev/null\nif [ $? != 0 ] ; then\n    # print error to STDERR\n    echo \"error: The sandbox is not in sync with the Podfile.lock. Run 'pod install' or update your CocoaPods installation.\" >&2\n    exit 1\nfi\n# This output is used by Xcode 'outputs' to avoid re-running this script phase.\necho \"SUCCESS\" > \"${SCRIPT_OUTPUT_FILE_0}\"\n";
			showEnvVarsInLog = 0;
		};
		702E54C1AD9B6465464E0476 /* [CP] Embed Pods Frameworks */ = {
			isa = PBXShellScriptBuildPhase;
			buildActionMask = 2147483647;
			files = (
			);
			inputFileListPaths = (
				"${PODS_ROOT}/Target Support Files/Pods-Bitron-BitronUITests/Pods-Bitron-BitronUITests-frameworks-${CONFIGURATION}-input-files.xcfilelist",
			);
			name = "[CP] Embed Pods Frameworks";
			outputFileListPaths = (
				"${PODS_ROOT}/Target Support Files/Pods-Bitron-BitronUITests/Pods-Bitron-BitronUITests-frameworks-${CONFIGURATION}-output-files.xcfilelist",
			);
			runOnlyForDeploymentPostprocessing = 0;
			shellPath = /bin/sh;
			shellScript = "\"${PODS_ROOT}/Target Support Files/Pods-Bitron-BitronUITests/Pods-Bitron-BitronUITests-frameworks.sh\"\n";
			showEnvVarsInLog = 0;
		};
		75DEAC184E7C9EBE2F36D621 /* [CP] Embed Pods Frameworks */ = {
			isa = PBXShellScriptBuildPhase;
			buildActionMask = 2147483647;
			files = (
			);
			inputFileListPaths = (
				"${PODS_ROOT}/Target Support Files/Pods-Bitron/Pods-Bitron-frameworks-${CONFIGURATION}-input-files.xcfilelist",
			);
			name = "[CP] Embed Pods Frameworks";
			outputFileListPaths = (
				"${PODS_ROOT}/Target Support Files/Pods-Bitron/Pods-Bitron-frameworks-${CONFIGURATION}-output-files.xcfilelist",
			);
			runOnlyForDeploymentPostprocessing = 0;
			shellPath = /bin/sh;
			shellScript = "\"${PODS_ROOT}/Target Support Files/Pods-Bitron/Pods-Bitron-frameworks.sh\"\n";
			showEnvVarsInLog = 0;
		};
		C3058CA080DFA369621AC74D /* [CP] Check Pods Manifest.lock */ = {
			isa = PBXShellScriptBuildPhase;
			buildActionMask = 2147483647;
			files = (
			);
			inputFileListPaths = (
			);
			inputPaths = (
				"${PODS_PODFILE_DIR_PATH}/Podfile.lock",
				"${PODS_ROOT}/Manifest.lock",
			);
			name = "[CP] Check Pods Manifest.lock";
			outputFileListPaths = (
			);
			outputPaths = (
				"$(DERIVED_FILE_DIR)/Pods-BitronTests-checkManifestLockResult.txt",
			);
			runOnlyForDeploymentPostprocessing = 0;
			shellPath = /bin/sh;
			shellScript = "diff \"${PODS_PODFILE_DIR_PATH}/Podfile.lock\" \"${PODS_ROOT}/Manifest.lock\" > /dev/null\nif [ $? != 0 ] ; then\n    # print error to STDERR\n    echo \"error: The sandbox is not in sync with the Podfile.lock. Run 'pod install' or update your CocoaPods installation.\" >&2\n    exit 1\nfi\n# This output is used by Xcode 'outputs' to avoid re-running this script phase.\necho \"SUCCESS\" > \"${SCRIPT_OUTPUT_FILE_0}\"\n";
			showEnvVarsInLog = 0;
		};
		FF18712E3303EAD429F9C0D6 /* [CP] Check Pods Manifest.lock */ = {
			isa = PBXShellScriptBuildPhase;
			buildActionMask = 2147483647;
			files = (
			);
			inputFileListPaths = (
			);
			inputPaths = (
				"${PODS_PODFILE_DIR_PATH}/Podfile.lock",
				"${PODS_ROOT}/Manifest.lock",
			);
			name = "[CP] Check Pods Manifest.lock";
			outputFileListPaths = (
			);
			outputPaths = (
				"$(DERIVED_FILE_DIR)/Pods-Bitron-BitronUITests-checkManifestLockResult.txt",
			);
			runOnlyForDeploymentPostprocessing = 0;
			shellPath = /bin/sh;
			shellScript = "diff \"${PODS_PODFILE_DIR_PATH}/Podfile.lock\" \"${PODS_ROOT}/Manifest.lock\" > /dev/null\nif [ $? != 0 ] ; then\n    # print error to STDERR\n    echo \"error: The sandbox is not in sync with the Podfile.lock. Run 'pod install' or update your CocoaPods installation.\" >&2\n    exit 1\nfi\n# This output is used by Xcode 'outputs' to avoid re-running this script phase.\necho \"SUCCESS\" > \"${SCRIPT_OUTPUT_FILE_0}\"\n";
			showEnvVarsInLog = 0;
		};
/* End PBXShellScriptBuildPhase section */

/* Begin PBXSourcesBuildPhase section */
		9C264650256D4654004379A5 /* Sources */ = {
			isa = PBXSourcesBuildPhase;
			buildActionMask = 2147483647;
			files = (
				9C264657256D4654004379A5 /* BitronUITests.swift in Sources */,
			);
			runOnlyForDeploymentPostprocessing = 0;
		};
		ED95A551256D85550009F11C /* Sources */ = {
			isa = PBXSourcesBuildPhase;
			buildActionMask = 2147483647;
			files = (
				ED95A558256D85550009F11C /* BitronTests.swift in Sources */,
			);
			runOnlyForDeploymentPostprocessing = 0;
		};
		EDA6701024D9F7870091BD4E /* Sources */ = {
			isa = PBXSourcesBuildPhase;
			buildActionMask = 2147483647;
			files = (
				EDA6701C24D9F7870091BD4E /* ChosenCryptocurrencyViewController.swift in Sources */,
				9CE04C7124E2A2FE0072214F /* Colors.swift in Sources */,
				9C063853255423FC0022BFD0 /* SelectCryptocurrencyCoordinator.swift in Sources */,
				9C67CD8C25134F1100ECC938 /* SelectCryptocurrencyViewModel.swift in Sources */,
				9CD59B8724DAA8D200566236 /* DetailCryptocurrencyViewController.swift in Sources */,
				9CD59B7924DAA21F00566236 /* SelectCryptocurrencyView.swift in Sources */,
				9CBBD72324E6B089006141CD /* LoginViewController.swift in Sources */,
				9CB6C77F25593A540010FDF6 /* DetailCryptocurrencyCoordinator.swift in Sources */,
				9C06384B25541F740022BFD0 /* ChosenCryptocurrencyCoordinator.swift in Sources */,
				9C81AF1B2514AD4200BE1ECA /* Constants.swift in Sources */,
				9CD59B8324DAA5E800566236 /* SelectCryptocurrencyModel.swift in Sources */,
				9CD59B7F24DAA48300566236 /* Coordinator.swift in Sources */,
				9C06382325540E420022BFD0 /* MenuTabBarController.swift in Sources */,
				9C678C6F2539D3D900611202 /* DetailCryptocurrencyViewModel.swift in Sources */,
				9C81AF192514AB5800BE1ECA /* ChosenCryptocurrencyViewModel.swift in Sources */,
				9CD59B7524DAA1F900566236 /* ChosenCryptocurrencyView.swift in Sources */,
				9CD59B7724DAA20B00566236 /* SelectCryptocurrencyCell.swift in Sources */,
				9CD59B7324DAA1DF00566236 /* ChosenCryptocurrencyCell.swift in Sources */,
				9CD59B7B24DAA23200566236 /* DetailCryptocurrencyView.swift in Sources */,
				9CD59B6F24DAA0BF00566236 /* Networking.swift in Sources */,
				EDA6702224D9F7870091BD4E /* CryptocurrencyModel.xcdatamodeld in Sources */,
				9C8525CA258B59BA00D4AC1C /* ButtonPanelView.swift in Sources */,
				9CD59B7124DAA0D700566236 /* Persistence.swift in Sources */,
				EDA6701824D9F7870091BD4E /* AppDelegate.swift in Sources */,
				9C95F55B255591EF00F68D31 /* SettingsCoordinator.swift in Sources */,
				EDA6705224D9F8690091BD4E /* SelectCryptocurrencyViewController.swift in Sources */,
				ED95A57A256D9D9F0009F11C /* ChosenCryptocurrencyModel.swift in Sources */,
				9C95F556255591B800F68D31 /* SettingsViewController.swift in Sources */,
				9C6836F52507B90E0041A814 /* LoginView.swift in Sources */,
				9C678C742539D54F00611202 /* DetailCryptocurrencyModel.swift in Sources */,
			);
			runOnlyForDeploymentPostprocessing = 0;
		};
/* End PBXSourcesBuildPhase section */

/* Begin PBXTargetDependency section */
		9C26465A256D4654004379A5 /* PBXTargetDependency */ = {
			isa = PBXTargetDependency;
			target = EDA6701324D9F7870091BD4E /* Bitron */;
			targetProxy = 9C264659256D4654004379A5 /* PBXContainerItemProxy */;
		};
		ED95A55B256D85550009F11C /* PBXTargetDependency */ = {
			isa = PBXTargetDependency;
			target = EDA6701324D9F7870091BD4E /* Bitron */;
			targetProxy = ED95A55A256D85550009F11C /* PBXContainerItemProxy */;
		};
/* End PBXTargetDependency section */

/* Begin PBXVariantGroup section */
		EDA6702524D9F78A0091BD4E /* LaunchScreen.storyboard */ = {
			isa = PBXVariantGroup;
			children = (
				EDA6702624D9F78A0091BD4E /* Base */,
			);
			name = LaunchScreen.storyboard;
			sourceTree = "<group>";
		};
/* End PBXVariantGroup section */

/* Begin XCBuildConfiguration section */
		9C26465C256D4654004379A5 /* Debug */ = {
			isa = XCBuildConfiguration;
			baseConfigurationReference = E2254D008597A5EB310158E4 /* Pods-Bitron-BitronUITests.debug.xcconfig */;
			buildSettings = {
				CODE_SIGN_STYLE = Automatic;
				DEVELOPMENT_TEAM = 4S98Y6A4W2;
				INFOPLIST_FILE = BitronUITests/Info.plist;
				LD_RUNPATH_SEARCH_PATHS = (
					"$(inherited)",
					"@executable_path/Frameworks",
					"@loader_path/Frameworks",
				);
				PRODUCT_BUNDLE_IDENTIFIER = maciejwolejko.BitronUITests;
				PRODUCT_NAME = "$(TARGET_NAME)";
				PROVISIONING_PROFILE = "";
				SWIFT_VERSION = 5.0;
				TARGETED_DEVICE_FAMILY = "1,2";
				TEST_TARGET_NAME = Bitron;
			};
			name = Debug;
		};
		9C26465D256D4654004379A5 /* Release */ = {
			isa = XCBuildConfiguration;
			baseConfigurationReference = 951C564944C2150C95C4452D /* Pods-Bitron-BitronUITests.release.xcconfig */;
			buildSettings = {
				CODE_SIGN_STYLE = Automatic;
				DEVELOPMENT_TEAM = 4S98Y6A4W2;
				INFOPLIST_FILE = BitronUITests/Info.plist;
				LD_RUNPATH_SEARCH_PATHS = (
					"$(inherited)",
					"@executable_path/Frameworks",
					"@loader_path/Frameworks",
				);
				PRODUCT_BUNDLE_IDENTIFIER = maciejwolejko.BitronUITests;
				PRODUCT_NAME = "$(TARGET_NAME)";
				PROVISIONING_PROFILE = "";
				SWIFT_VERSION = 5.0;
				TARGETED_DEVICE_FAMILY = "1,2";
				TEST_TARGET_NAME = Bitron;
			};
			name = Release;
		};
		ED95A55D256D85550009F11C /* Debug */ = {
			isa = XCBuildConfiguration;
			baseConfigurationReference = CC3E2EB0A9B3D93D9C27E396 /* Pods-BitronTests.debug.xcconfig */;
			buildSettings = {
				BUNDLE_LOADER = "$(TEST_HOST)";
				CODE_SIGN_STYLE = Automatic;
				DEVELOPMENT_TEAM = 4S98Y6A4W2;
				INFOPLIST_FILE = BitronTests/Info.plist;
				LD_RUNPATH_SEARCH_PATHS = (
					"$(inherited)",
					"@executable_path/Frameworks",
					"@loader_path/Frameworks",
				);
				PRODUCT_BUNDLE_IDENTIFIER = t.BitronTests;
				PRODUCT_NAME = "$(TARGET_NAME)";
				SWIFT_VERSION = 5.0;
				TARGETED_DEVICE_FAMILY = "1,2";
				TEST_HOST = "$(BUILT_PRODUCTS_DIR)/Bitron.app/Bitron";
			};
			name = Debug;
		};
		ED95A55E256D85550009F11C /* Release */ = {
			isa = XCBuildConfiguration;
			baseConfigurationReference = FF49F41F653B7FFB9BEE41B7 /* Pods-BitronTests.release.xcconfig */;
			buildSettings = {
				BUNDLE_LOADER = "$(TEST_HOST)";
				CODE_SIGN_STYLE = Automatic;
				DEVELOPMENT_TEAM = 4S98Y6A4W2;
				INFOPLIST_FILE = BitronTests/Info.plist;
				LD_RUNPATH_SEARCH_PATHS = (
					"$(inherited)",
					"@executable_path/Frameworks",
					"@loader_path/Frameworks",
				);
				PRODUCT_BUNDLE_IDENTIFIER = t.BitronTests;
				PRODUCT_NAME = "$(TARGET_NAME)";
				SWIFT_VERSION = 5.0;
				TARGETED_DEVICE_FAMILY = "1,2";
				TEST_HOST = "$(BUILT_PRODUCTS_DIR)/Bitron.app/Bitron";
			};
			name = Release;
		};
		EDA6703F24D9F78B0091BD4E /* Debug */ = {
			isa = XCBuildConfiguration;
			buildSettings = {
				ALWAYS_SEARCH_USER_PATHS = NO;
				CLANG_ANALYZER_NONNULL = YES;
				CLANG_ANALYZER_NUMBER_OBJECT_CONVERSION = YES_AGGRESSIVE;
				CLANG_CXX_LANGUAGE_STANDARD = "gnu++14";
				CLANG_CXX_LIBRARY = "libc++";
				CLANG_ENABLE_MODULES = YES;
				CLANG_ENABLE_OBJC_ARC = YES;
				CLANG_ENABLE_OBJC_WEAK = YES;
				CLANG_WARN_BLOCK_CAPTURE_AUTORELEASING = YES;
				CLANG_WARN_BOOL_CONVERSION = YES;
				CLANG_WARN_COMMA = YES;
				CLANG_WARN_CONSTANT_CONVERSION = YES;
				CLANG_WARN_DEPRECATED_OBJC_IMPLEMENTATIONS = YES;
				CLANG_WARN_DIRECT_OBJC_ISA_USAGE = YES_ERROR;
				CLANG_WARN_DOCUMENTATION_COMMENTS = YES;
				CLANG_WARN_EMPTY_BODY = YES;
				CLANG_WARN_ENUM_CONVERSION = YES;
				CLANG_WARN_INFINITE_RECURSION = YES;
				CLANG_WARN_INT_CONVERSION = YES;
				CLANG_WARN_NON_LITERAL_NULL_CONVERSION = YES;
				CLANG_WARN_OBJC_IMPLICIT_RETAIN_SELF = YES;
				CLANG_WARN_OBJC_LITERAL_CONVERSION = YES;
				CLANG_WARN_OBJC_ROOT_CLASS = YES_ERROR;
				CLANG_WARN_QUOTED_INCLUDE_IN_FRAMEWORK_HEADER = YES;
				CLANG_WARN_RANGE_LOOP_ANALYSIS = YES;
				CLANG_WARN_STRICT_PROTOTYPES = YES;
				CLANG_WARN_SUSPICIOUS_MOVE = YES;
				CLANG_WARN_UNGUARDED_AVAILABILITY = YES_AGGRESSIVE;
				CLANG_WARN_UNREACHABLE_CODE = YES;
				CLANG_WARN__DUPLICATE_METHOD_MATCH = YES;
				COPY_PHASE_STRIP = NO;
				DEBUG_INFORMATION_FORMAT = dwarf;
				ENABLE_STRICT_OBJC_MSGSEND = YES;
				ENABLE_TESTABILITY = YES;
				GCC_C_LANGUAGE_STANDARD = gnu11;
				GCC_DYNAMIC_NO_PIC = NO;
				GCC_NO_COMMON_BLOCKS = YES;
				GCC_OPTIMIZATION_LEVEL = 0;
				GCC_PREPROCESSOR_DEFINITIONS = (
					"DEBUG=1",
					"$(inherited)",
				);
				GCC_WARN_64_TO_32_BIT_CONVERSION = YES;
				GCC_WARN_ABOUT_RETURN_TYPE = YES_ERROR;
				GCC_WARN_UNDECLARED_SELECTOR = YES;
				GCC_WARN_UNINITIALIZED_AUTOS = YES_AGGRESSIVE;
				GCC_WARN_UNUSED_FUNCTION = YES;
				GCC_WARN_UNUSED_VARIABLE = YES;
				IPHONEOS_DEPLOYMENT_TARGET = 14.2;
				MTL_ENABLE_DEBUG_INFO = INCLUDE_SOURCE;
				MTL_FAST_MATH = YES;
				ONLY_ACTIVE_ARCH = YES;
				SDKROOT = iphoneos;
				SWIFT_ACTIVE_COMPILATION_CONDITIONS = DEBUG;
				SWIFT_OPTIMIZATION_LEVEL = "-Onone";
			};
			name = Debug;
		};
		EDA6704024D9F78B0091BD4E /* Release */ = {
			isa = XCBuildConfiguration;
			buildSettings = {
				ALWAYS_SEARCH_USER_PATHS = NO;
				CLANG_ANALYZER_NONNULL = YES;
				CLANG_ANALYZER_NUMBER_OBJECT_CONVERSION = YES_AGGRESSIVE;
				CLANG_CXX_LANGUAGE_STANDARD = "gnu++14";
				CLANG_CXX_LIBRARY = "libc++";
				CLANG_ENABLE_MODULES = YES;
				CLANG_ENABLE_OBJC_ARC = YES;
				CLANG_ENABLE_OBJC_WEAK = YES;
				CLANG_WARN_BLOCK_CAPTURE_AUTORELEASING = YES;
				CLANG_WARN_BOOL_CONVERSION = YES;
				CLANG_WARN_COMMA = YES;
				CLANG_WARN_CONSTANT_CONVERSION = YES;
				CLANG_WARN_DEPRECATED_OBJC_IMPLEMENTATIONS = YES;
				CLANG_WARN_DIRECT_OBJC_ISA_USAGE = YES_ERROR;
				CLANG_WARN_DOCUMENTATION_COMMENTS = YES;
				CLANG_WARN_EMPTY_BODY = YES;
				CLANG_WARN_ENUM_CONVERSION = YES;
				CLANG_WARN_INFINITE_RECURSION = YES;
				CLANG_WARN_INT_CONVERSION = YES;
				CLANG_WARN_NON_LITERAL_NULL_CONVERSION = YES;
				CLANG_WARN_OBJC_IMPLICIT_RETAIN_SELF = YES;
				CLANG_WARN_OBJC_LITERAL_CONVERSION = YES;
				CLANG_WARN_OBJC_ROOT_CLASS = YES_ERROR;
				CLANG_WARN_QUOTED_INCLUDE_IN_FRAMEWORK_HEADER = YES;
				CLANG_WARN_RANGE_LOOP_ANALYSIS = YES;
				CLANG_WARN_STRICT_PROTOTYPES = YES;
				CLANG_WARN_SUSPICIOUS_MOVE = YES;
				CLANG_WARN_UNGUARDED_AVAILABILITY = YES_AGGRESSIVE;
				CLANG_WARN_UNREACHABLE_CODE = YES;
				CLANG_WARN__DUPLICATE_METHOD_MATCH = YES;
				COPY_PHASE_STRIP = NO;
				DEBUG_INFORMATION_FORMAT = "dwarf-with-dsym";
				ENABLE_NS_ASSERTIONS = NO;
				ENABLE_STRICT_OBJC_MSGSEND = YES;
				GCC_C_LANGUAGE_STANDARD = gnu11;
				GCC_NO_COMMON_BLOCKS = YES;
				GCC_WARN_64_TO_32_BIT_CONVERSION = YES;
				GCC_WARN_ABOUT_RETURN_TYPE = YES_ERROR;
				GCC_WARN_UNDECLARED_SELECTOR = YES;
				GCC_WARN_UNINITIALIZED_AUTOS = YES_AGGRESSIVE;
				GCC_WARN_UNUSED_FUNCTION = YES;
				GCC_WARN_UNUSED_VARIABLE = YES;
				IPHONEOS_DEPLOYMENT_TARGET = 14.2;
				MTL_ENABLE_DEBUG_INFO = NO;
				MTL_FAST_MATH = YES;
				SDKROOT = iphoneos;
				SWIFT_COMPILATION_MODE = wholemodule;
				SWIFT_OPTIMIZATION_LEVEL = "-O";
				VALIDATE_PRODUCT = YES;
			};
			name = Release;
		};
		EDA6704224D9F78B0091BD4E /* Debug */ = {
			isa = XCBuildConfiguration;
			baseConfigurationReference = 6BF556347057A90270617846 /* Pods-Bitron.debug.xcconfig */;
			buildSettings = {
				ASSETCATALOG_COMPILER_APPICON_NAME = AppIcon;
				CODE_SIGN_STYLE = Automatic;
				DEVELOPMENT_TEAM = 4S98Y6A4W2;
				INFOPLIST_FILE = Bitron/Info.plist;
				IPHONEOS_DEPLOYMENT_TARGET = 14.2;
				LD_RUNPATH_SEARCH_PATHS = (
					"$(inherited)",
					"@executable_path/Frameworks",
				);
				PRODUCT_BUNDLE_IDENTIFIER = t.Bitron;
				PRODUCT_NAME = "$(TARGET_NAME)";
				SWIFT_VERSION = 5.0;
				TARGETED_DEVICE_FAMILY = "1,2";
			};
			name = Debug;
		};
		EDA6704324D9F78B0091BD4E /* Release */ = {
			isa = XCBuildConfiguration;
			baseConfigurationReference = 9033A16CFCC51E65DD83F87B /* Pods-Bitron.release.xcconfig */;
			buildSettings = {
				ASSETCATALOG_COMPILER_APPICON_NAME = AppIcon;
				CODE_SIGN_STYLE = Automatic;
				DEVELOPMENT_TEAM = 4S98Y6A4W2;
				INFOPLIST_FILE = Bitron/Info.plist;
				IPHONEOS_DEPLOYMENT_TARGET = 14.2;
				LD_RUNPATH_SEARCH_PATHS = (
					"$(inherited)",
					"@executable_path/Frameworks",
				);
				PRODUCT_BUNDLE_IDENTIFIER = t.Bitron;
				PRODUCT_NAME = "$(TARGET_NAME)";
				SWIFT_VERSION = 5.0;
				TARGETED_DEVICE_FAMILY = "1,2";
			};
			name = Release;
		};
/* End XCBuildConfiguration section */

/* Begin XCConfigurationList section */
		9C26465B256D4654004379A5 /* Build configuration list for PBXNativeTarget "BitronUITests" */ = {
			isa = XCConfigurationList;
			buildConfigurations = (
				9C26465C256D4654004379A5 /* Debug */,
				9C26465D256D4654004379A5 /* Release */,
			);
			defaultConfigurationIsVisible = 0;
			defaultConfigurationName = Release;
		};
		ED95A55C256D85550009F11C /* Build configuration list for PBXNativeTarget "BitronTests" */ = {
			isa = XCConfigurationList;
			buildConfigurations = (
				ED95A55D256D85550009F11C /* Debug */,
				ED95A55E256D85550009F11C /* Release */,
			);
			defaultConfigurationIsVisible = 0;
			defaultConfigurationName = Release;
		};
		EDA6700F24D9F7870091BD4E /* Build configuration list for PBXProject "Bitron" */ = {
			isa = XCConfigurationList;
			buildConfigurations = (
				EDA6703F24D9F78B0091BD4E /* Debug */,
				EDA6704024D9F78B0091BD4E /* Release */,
			);
			defaultConfigurationIsVisible = 0;
			defaultConfigurationName = Release;
		};
		EDA6704124D9F78B0091BD4E /* Build configuration list for PBXNativeTarget "Bitron" */ = {
			isa = XCConfigurationList;
			buildConfigurations = (
				EDA6704224D9F78B0091BD4E /* Debug */,
				EDA6704324D9F78B0091BD4E /* Release */,
			);
			defaultConfigurationIsVisible = 0;
			defaultConfigurationName = Release;
		};
/* End XCConfigurationList section */

/* Begin XCVersionGroup section */
		EDA6702024D9F7870091BD4E /* CryptocurrencyModel.xcdatamodeld */ = {
			isa = XCVersionGroup;
			children = (
				EDA6702124D9F7870091BD4E /* Bitron.xcdatamodel */,
			);
			currentVersion = EDA6702124D9F7870091BD4E /* Bitron.xcdatamodel */;
			path = CryptocurrencyModel.xcdatamodeld;
			sourceTree = "<group>";
			versionGroupType = wrapper.xcdatamodel;
		};
/* End XCVersionGroup section */
	};
	rootObject = EDA6700C24D9F7870091BD4E /* Project object */;
}
